Microsoft Visual Studio Solution File, Format Version 11.00
# Visual Studio 2008

Project("{42A9FEA3-7C31-155C-796C-9315C5F94A62}") = "rdwminimal", "Assembly-CSharp.csproj", "{6F1630A6-9FE9-6911-3714-2D260017D58E}"
EndProject
Project("{42A9FEA3-7C31-155C-796C-9315C5F94A62}") = "rdwminimal", "Assembly-CSharp-Editor.csproj", "{B0F95EAF-1496-659A-0EEA-C9FE23445B85}"
EndProject
Global
	GlobalSection(SolutionConfigurationPlatforms) = preSolution
		Debug|Any CPU = Debug|Any CPU
		Release|Any CPU = Release|Any CPU
	EndGlobalSection
	GlobalSection(ProjectConfigurationPlatforms) = postSolution
		{6F1630A6-9FE9-6911-3714-2D260017D58E}.Debug|Any CPU.ActiveCfg = Debug|Any CPU
		{6F1630A6-9FE9-6911-3714-2D260017D58E}.Debug|Any CPU.Build.0 = Debug|Any CPU
		{6F1630A6-9FE9-6911-3714-2D260017D58E}.Release|Any CPU.ActiveCfg = Release|Any CPU
		{6F1630A6-9FE9-6911-3714-2D260017D58E}.Release|Any CPU.Build.0 = Release|Any CPU
		{B0F95EAF-1496-659A-0EEA-C9FE23445B85}.Debug|Any CPU.ActiveCfg = Debug|Any CPU
		{B0F95EAF-1496-659A-0EEA-C9FE23445B85}.Debug|Any CPU.Build.0 = Debug|Any CPU
		{B0F95EAF-1496-659A-0EEA-C9FE23445B85}.Release|Any CPU.ActiveCfg = Release|Any CPU
		{B0F95EAF-1496-659A-0EEA-C9FE23445B85}.Release|Any CPU.Build.0 = Release|Any CPU
	EndGlobalSection
	GlobalSection(SolutionProperties) = preSolution
		HideSolutionNode = FALSE
	EndGlobalSection
	GlobalSection(MonoDevelopProperties) = preSolution
		StartupItem = Assembly-CSharp.csproj
	EndGlobalSection
EndGlobal
